
Microsoft Visual Studio Solution File, Format Version 12.00
# Visual Studio Version 17
VisualStudioVersion = 17.6.33717.318
MinimumVisualStudioVersion = 10.0.40219.1
Project("{FAE04EC0-301F-11D3-BF4B-00C04F79EFBC}") = "ProyectoSeminario.Entidades", "ProyectoSeminario.Entidades\ProyectoSeminario.Entidades.csproj", "{57331148-1857-4C39-8403-8F118F828D5D}"
EndProject
Project("{FAE04EC0-301F-11D3-BF4B-00C04F79EFBC}") = "ProyectoSeminario.Datos", "ProyectoSeminario.Datos\ProyectoSeminario.Datos.csproj", "{F5A57DC6-0D03-4D1A-888A-54F8E70C302D}"
EndProject
Project("{FAE04EC0-301F-11D3-BF4B-00C04F79EFBC}") = "ProyectoSeminario.DatosComun", "ProyectoSeminatio.DatosComun\ProyectoSeminario.DatosComun.csproj", "{DF7255A1-8DC5-46CF-8ADC-AC31FC2D6BF6}"
EndProject
Project("{FAE04EC0-301F-11D3-BF4B-00C04F79EFBC}") = "ProyectoSeminario.Servicios", "ProyectoSeminario.Servicios\ProyectoSeminario.Servicios.csproj", "{7FC63136-68D6-4093-A7A9-7E87B57EA185}"
EndProject
Project("{FAE04EC0-301F-11D3-BF4B-00C04F79EFBC}") = "ProyectoSeminario.Windows", "ProyectoSeminario.Windows\ProyectoSeminario.Windows.csproj", "{4824D100-5F7F-4FD7-89AA-CB22B7F78A65}"
EndProject
Global
	GlobalSection(SolutionConfigurationPlatforms) = preSolution
		Debug|Any CPU = Debug|Any CPU
		Release|Any CPU = Release|Any CPU
	EndGlobalSection
	GlobalSection(ProjectConfigurationPlatforms) = postSolution
		{57331148-1857-4C39-8403-8F118F828D5D}.Debug|Any CPU.ActiveCfg = Debug|Any CPU
		{57331148-1857-4C39-8403-8F118F828D5D}.Debug|Any CPU.Build.0 = Debug|Any CPU
		{57331148-1857-4C39-8403-8F118F828D5D}.Release|Any CPU.ActiveCfg = Release|Any CPU
		{57331148-1857-4C39-8403-8F118F828D5D}.Release|Any CPU.Build.0 = Release|Any CPU
		{F5A57DC6-0D03-4D1A-888A-54F8E70C302D}.Debug|Any CPU.ActiveCfg = Debug|Any CPU
		{F5A57DC6-0D03-4D1A-888A-54F8E70C302D}.Debug|Any CPU.Build.0 = Debug|Any CPU
		{F5A57DC6-0D03-4D1A-888A-54F8E70C302D}.Release|Any CPU.ActiveCfg = Release|Any CPU
		{F5A57DC6-0D03-4D1A-888A-54F8E70C302D}.Release|Any CPU.Build.0 = Release|Any CPU
		{DF7255A1-8DC5-46CF-8ADC-AC31FC2D6BF6}.Debug|Any CPU.ActiveCfg = Debug|Any CPU
		{DF7255A1-8DC5-46CF-8ADC-AC31FC2D6BF6}.Debug|Any CPU.Build.0 = Debug|Any CPU
		{DF7255A1-8DC5-46CF-8ADC-AC31FC2D6BF6}.Release|Any CPU.ActiveCfg = Release|Any CPU
		{DF7255A1-8DC5-46CF-8ADC-AC31FC2D6BF6}.Release|Any CPU.Build.0 = Release|Any CPU
		{7FC63136-68D6-4093-A7A9-7E87B57EA185}.Debug|Any CPU.ActiveCfg = Debug|Any CPU
		{7FC63136-68D6-4093-A7A9-7E87B57EA185}.Debug|Any CPU.Build.0 = Debug|Any CPU
		{7FC63136-68D6-4093-A7A9-7E87B57EA185}.Release|Any CPU.ActiveCfg = Release|Any CPU
		{7FC63136-68D6-4093-A7A9-7E87B57EA185}.Release|Any CPU.Build.0 = Release|Any CPU
		{4824D100-5F7F-4FD7-89AA-CB22B7F78A65}.Debug|Any CPU.ActiveCfg = Debug|Any CPU
		{4824D100-5F7F-4FD7-89AA-CB22B7F78A65}.Debug|Any CPU.Build.0 = Debug|Any CPU
		{4824D100-5F7F-4FD7-89AA-CB22B7F78A65}.Release|Any CPU.ActiveCfg = Release|Any CPU
		{4824D100-5F7F-4FD7-89AA-CB22B7F78A65}.Release|Any CPU.Build.0 = Release|Any CPU
	EndGlobalSection
	GlobalSection(SolutionProperties) = preSolution
		HideSolutionNode = FALSE
	EndGlobalSection
	GlobalSection(ExtensibilityGlobals) = postSolution
		SolutionGuid = {F5ADB75A-B384-47F5-AE8A-EF6A252EECEB}
	EndGlobalSection
EndGlobal
